
Microsoft Visual Studio Solution File, Format Version 12.00
# Visual Studio 15
VisualStudioVersion = 15.0.28307.421
MinimumVisualStudioVersion = 10.0.40219.1
Project("{9A19103F-16F7-4668-BE54-9A1E7A4F7556}") = "Domain", "Domain\Domain.csproj", "{14E080D2-A566-4E6C-89C2-BB4356A2D155}"
EndProject
Project("{9A19103F-16F7-4668-BE54-9A1E7A4F7556}") = "Data", "Data\Data.csproj", "{82919AEA-2086-4061-B57B-D89161313D22}"
EndProject
Project("{9A19103F-16F7-4668-BE54-9A1E7A4F7556}") = "Domain.PizzaCompany", "Domain.PizzaCompany\Domain.PizzaCompany.csproj", "{675EDE67-DDCC-4D53-B313-5B35DCD6C0C2}"
EndProject
Project("{9A19103F-16F7-4668-BE54-9A1E7A4F7556}") = "Data.PizzaCompany", "Data.PizzaCompany\Data.PizzaCompany.csproj", "{8CDFBAC6-CA19-45D9-AF0E-6DD5805575D4}"
EndProject
Project("{9A19103F-16F7-4668-BE54-9A1E7A4F7556}") = "API.PizzaCompany", "API.PizzaCompany\API.PizzaCompany.csproj", "{4E569EBF-3B26-454F-880F-CA588B3CBFA2}"
EndProject
Global
	GlobalSection(SolutionConfigurationPlatforms) = preSolution
		Debug|Any CPU = Debug|Any CPU
		Release|Any CPU = Release|Any CPU
	EndGlobalSection
	GlobalSection(ProjectConfigurationPlatforms) = postSolution
		{14E080D2-A566-4E6C-89C2-BB4356A2D155}.Debug|Any CPU.ActiveCfg = Debug|Any CPU
		{14E080D2-A566-4E6C-89C2-BB4356A2D155}.Debug|Any CPU.Build.0 = Debug|Any CPU
		{14E080D2-A566-4E6C-89C2-BB4356A2D155}.Release|Any CPU.ActiveCfg = Release|Any CPU
		{14E080D2-A566-4E6C-89C2-BB4356A2D155}.Release|Any CPU.Build.0 = Release|Any CPU
		{82919AEA-2086-4061-B57B-D89161313D22}.Debug|Any CPU.ActiveCfg = Debug|Any CPU
		{82919AEA-2086-4061-B57B-D89161313D22}.Debug|Any CPU.Build.0 = Debug|Any CPU
		{82919AEA-2086-4061-B57B-D89161313D22}.Release|Any CPU.ActiveCfg = Release|Any CPU
		{82919AEA-2086-4061-B57B-D89161313D22}.Release|Any CPU.Build.0 = Release|Any CPU
		{675EDE67-DDCC-4D53-B313-5B35DCD6C0C2}.Debug|Any CPU.ActiveCfg = Debug|Any CPU
		{675EDE67-DDCC-4D53-B313-5B35DCD6C0C2}.Debug|Any CPU.Build.0 = Debug|Any CPU
		{675EDE67-DDCC-4D53-B313-5B35DCD6C0C2}.Release|Any CPU.ActiveCfg = Release|Any CPU
		{675EDE67-DDCC-4D53-B313-5B35DCD6C0C2}.Release|Any CPU.Build.0 = Release|Any CPU
		{8CDFBAC6-CA19-45D9-AF0E-6DD5805575D4}.Debug|Any CPU.ActiveCfg = Debug|Any CPU
		{8CDFBAC6-CA19-45D9-AF0E-6DD5805575D4}.Debug|Any CPU.Build.0 = Debug|Any CPU
		{8CDFBAC6-CA19-45D9-AF0E-6DD5805575D4}.Release|Any CPU.ActiveCfg = Release|Any CPU
		{8CDFBAC6-CA19-45D9-AF0E-6DD5805575D4}.Release|Any CPU.Build.0 = Release|Any CPU
		{4E569EBF-3B26-454F-880F-CA588B3CBFA2}.Debug|Any CPU.ActiveCfg = Debug|Any CPU
		{4E569EBF-3B26-454F-880F-CA588B3CBFA2}.Debug|Any CPU.Build.0 = Debug|Any CPU
		{4E569EBF-3B26-454F-880F-CA588B3CBFA2}.Release|Any CPU.ActiveCfg = Release|Any CPU
		{4E569EBF-3B26-454F-880F-CA588B3CBFA2}.Release|Any CPU.Build.0 = Release|Any CPU
	EndGlobalSection
	GlobalSection(SolutionProperties) = preSolution
		HideSolutionNode = FALSE
	EndGlobalSection
	GlobalSection(ExtensibilityGlobals) = postSolution
		SolutionGuid = {8B9F8CF5-802E-480F-851A-63039AAFE1DF}
	EndGlobalSection
EndGlobal
